<?xml version="1.0" encoding="utf-8"?>
<Project ToolsVersion="4.0" xmlns="http://schemas.microsoft.com/developer/msbuild/2003">
  <ItemGroup>
    <ClCompile Include="main.cpp">
      <Filter>Source</Filter>
    </ClCompile>
    <ClCompile Include="TmgRender.cpp">
      <Filter>Source</Filter>
    </ClCompile>
    <ClCompile Include="TMG_Shader.cpp">
      <Filter>Source</Filter>
    </ClCompile>
  </ItemGroup>
  <ItemGroup>
    <ClInclude Include="aiterror.h">
      <Filter>Headers</Filter>
    </ClInclude>
    <ClInclude Include="TmgRender.h">
      <Filter>Headers</Filter>
    </ClInclude>
    <ClInclude Include="TMG_Shader.h">
      <Filter>Headers</Filter>
    </ClInclude>
  </ItemGroup>
  <ItemGroup>
    <None Include="fragmentshader.glsl" />
    <None Include="vertexshader.glsl" />
  </ItemGroup>
  <ItemGroup>
    <Filter Include="Source">
      <UniqueIdentifier>{5254d654-5efe-4564-ae44-e931405c31c9}</UniqueIdentifier>
    </Filter>
    <Filter Include="Headers">
      <UniqueIdentifier>{cd397f9c-ddaa-45af-8576-0da091943349}</UniqueIdentifier>
    </Filter>
  </ItemGroup>
</Project>